<?xml version="1.0" encoding="utf-8"?>
<Project ToolsVersion="4.0" xmlns="http://schemas.microsoft.com/developer/msbuild/2003">
  <ItemGroup>
    <Filter Include="Source Files">
      <UniqueIdentifier>{4FC737F1-C7A5-4376-A066-2A32D752A2FF}</UniqueIdentifier>
      <Extensions>cpp;c;cc;cxx;def;odl;idl;hpj;bat;asm;asmx</Extensions>
    </Filter>
    <Filter Include="Header Files">
      <UniqueIdentifier>{93995380-89BD-4b04-88EB-625FBE52EBFB}</UniqueIdentifier>
      <Extensions>h;hh;hpp;hxx;hm;inl;inc;ipp;xsd</Extensions>
    </Filter>
    <Filter Include="Resource Files">
      <UniqueIdentifier>{67DA6AB6-F800-4c08-8B7A-83BB121AAD01}</UniqueIdentifier>
      <Extensions>rc;ico;cur;bmp;dlg;rc2;rct;bin;rgs;gif;jpg;jpeg;jpe;resx;tiff;tif;png;wav;mfcribbon-ms</Extensions>
    </Filter>
    <Filter Include="Header Files\Heders">
      <UniqueIdentifier>{9502cebe-220e-48fc-8a9b-474007e32934}</UniqueIdentifier>
    </Filter>
    <Filter Include="Source Files\Cpp">
      <UniqueIdentifier>{125f2b67-6af6-4c9e-9740-f1014e1b851f}</UniqueIdentifier>
    </Filter>
  </ItemGroup>
  <ItemGroup>
    <ClInclude Include="FinalProject.h">
      <Filter>Header Files</Filter>
    </ClInclude>
    <ClInclude Include="FinalProjectDlg.h">
      <Filter>Header Files</Filter>
    </ClInclude>
    <ClInclude Include="framework.h">
      <Filter>Header Files</Filter>
    </ClInclude>
    <ClInclude Include="targetver.h">
      <Filter>Header Files</Filter>
    </ClInclude>
    <ClInclude Include="Resource.h">
      <Filter>Header Files</Filter>
    </ClInclude>
    <ClInclude Include="pch.h">
      <Filter>Header Files</Filter>
    </ClInclude>
    <ClInclude Include="Figure2D.h">
      <Filter>Header Files\Heders</Filter>
    </ClInclude>
    <ClInclude Include="Quad.h">
      <Filter>Header Files\Heders</Filter>
    </ClInclude>
    <ClInclude Include="Rectangle.h">
      <Filter>Header Files\Heders</Filter>
    </ClInclude>
    <ClInclude Include="Line.h">
      <Filter>Header Files\Heders</Filter>
    </ClInclude>
    <ClInclude Include="Square.h">
      <Filter>Header Files\Heders</Filter>
    </ClInclude>
    <ClInclude Include="Triangle.h">
      <Filter>Header Files\Heders</Filter>
    </ClInclude>
    <ClInclude Include="MagenDavid.h">
      <Filter>Header Files\Heders</Filter>
    </ClInclude>
    <ClInclude Include="Ellipse.h">
      <Filter>Header Files\Heders</Filter>
    </ClInclude>
    <ClInclude Include="Text.h">
      <Filter>Header Files\Heders</Filter>
    </ClInclude>
    <ClInclude Include="FreePaint.h">
      <Filter>Header Files\Heders</Filter>
    </ClInclude>
  </ItemGroup>
  <ItemGroup>
    <ClCompile Include="FinalProject.cpp">
      <Filter>Source Files</Filter>
    </ClCompile>
    <ClCompile Include="FinalProjectDlg.cpp">
      <Filter>Source Files</Filter>
    </ClCompile>
    <ClCompile Include="pch.cpp">
      <Filter>Source Files</Filter>
    </ClCompile>
    <ClCompile Include="Figure2D.cpp">
      <Filter>Source Files\Cpp</Filter>
    </ClCompile>
    <ClCompile Include="Quad.cpp">
      <Filter>Source Files\Cpp</Filter>
    </ClCompile>
    <ClCompile Include="Rectangle.cpp">
      <Filter>Source Files\Cpp</Filter>
    </ClCompile>
    <ClCompile Include="Line.cpp">
      <Filter>Source Files\Cpp</Filter>
    </ClCompile>
    <ClCompile Include="Square.cpp">
      <Filter>Source Files\Cpp</Filter>
    </ClCompile>
    <ClCompile Include="Triangle.cpp">
      <Filter>Source Files\Cpp</Filter>
    </ClCompile>
    <ClCompile Include="MagenDavid.cpp">
      <Filter>Source Files\Cpp</Filter>
    </ClCompile>
    <ClCompile Include="Ellipse.cpp">
      <Filter>Source Files\Cpp</Filter>
    </ClCompile>
    <ClCompile Include="Text.cpp">
      <Filter>Source Files\Cpp</Filter>
    </ClCompile>
    <ClCompile Include="FreePaint.cpp">
      <Filter>Source Files\Cpp</Filter>
    </ClCompile>
  </ItemGroup>
  <ItemGroup>
    <ResourceCompile Include="FinalProject.rc">
      <Filter>Resource Files</Filter>
    </ResourceCompile>
  </ItemGroup>
  <ItemGroup>
    <None Include="res\FinalProject.rc2">
      <Filter>Resource Files</Filter>
    </None>
    <None Include="res\cursor1.cur">
      <Filter>Resource Files</Filter>
    </None>
    <None Include="res\ribbon1.mfcribbon-ms">
      <Filter>Resource Files</Filter>
    </None>
  </ItemGroup>
  <ItemGroup>
    <Image Include="res\FinalProject.ico">
      <Filter>Resource Files</Filter>
    </Image>
    <Image Include="res\bitmap1.bmp">
      <Filter>Resource Files</Filter>
    </Image>
    <Image Include="res\bmp00001.bmp">
      <Filter>Resource Files</Filter>
    </Image>
    <Image Include="res\icon1.ico">
      <Filter>Resource Files</Filter>
    </Image>
    <Image Include="res\bitmap2.bmp">
      <Filter>Resource Files</Filter>
    </Image>
    <Image Include="res\toolbar1.bmp">
      <Filter>Resource Files</Filter>
    </Image>
    <Image Include="res\bitmap3.bmp">
      <Filter>Resource Files</Filter>
    </Image>
    <Image Include="res\icon2.ico">
      <Filter>Resource Files</Filter>
    </Image>
    <Image Include="res\icon3.ico">
      <Filter>Resource Files</Filter>
    </Image>
    <Image Include="res\bitmap4.bmp">
      <Filter>Resource Files</Filter>
    </Image>
    <Image Include="res\bitmap5.bmp">
      <Filter>Resource Files</Filter>
    </Image>
    <Image Include="..\save.png">
      <Filter>Resource Files</Filter>
    </Image>
    <Image Include="res\bitmap6.bmp">
      <Filter>Resource Files</Filter>
    </Image>
    <Image Include="..\..\..\Downloads\bitmap2.bmp">
      <Filter>Resource Files</Filter>
    </Image>
    <Image Include="..\..\..\Downloads\bitmap4.bmp">
      <Filter>Resource Files</Filter>
    </Image>
    <Image Include="res\bitmapLior (2).bmp">
      <Filter>Resource Files</Filter>
    </Image>
    <Image Include="res\bitmapLior (1).bmp">
      <Filter>Resource Files</Filter>
    </Image>
    <Image Include="res\bitmap5333.bmp">
      <Filter>Resource Files</Filter>
    </Image>
    <Image Include="res\bitmap7.bmp">
      <Filter>Resource Files</Filter>
    </Image>
    <Image Include="res\bitmap311.bmp">
      <Filter>Resource Files</Filter>
    </Image>
    <Image Include="res\bitmap8.bmp">
      <Filter>Resource Files</Filter>
    </Image>
    <Image Include="res\bitmap754.bmp">
      <Filter>Resource Files</Filter>
    </Image>
    <Image Include="res\bitmap8777.bmp">
      <Filter>Resource Files</Filter>
    </Image>
    <Image Include="res\bitmapddd5.bmp">
      <Filter>Resource Files</Filter>
    </Image>
    <Image Include="res\bitmap2ddd.bmp">
      <Filter>Resource Files</Filter>
    </Image>
  </ItemGroup>
</Project>